// !$*UTF8*$!
{
	archiveVersion = 1;
	classes = {
	};
	objectVersion = 56;
	objects = {

/* Begin PBXBuildFile section */
		4591330A2AB803150066910C /* AppDelegate.swift in Sources */ = {isa = PBXBuildFile; fileRef = 459133092AB803150066910C /* AppDelegate.swift */; };
		4591330C2AB803150066910C /* SceneDelegate.swift in Sources */ = {isa = PBXBuildFile; fileRef = 4591330B2AB803150066910C /* SceneDelegate.swift */; };
		4591330E2AB803150066910C /* ViewController.swift in Sources */ = {isa = PBXBuildFile; fileRef = 4591330D2AB803150066910C /* ViewController.swift */; };
		459133112AB803150066910C /* Main.storyboard in Resources */ = {isa = PBXBuildFile; fileRef = 4591330F2AB803150066910C /* Main.storyboard */; };
		459133132AB803160066910C /* Assets.xcassets in Resources */ = {isa = PBXBuildFile; fileRef = 459133122AB803160066910C /* Assets.xcassets */; };
		459133162AB803160066910C /* LaunchScreen.storyboard in Resources */ = {isa = PBXBuildFile; fileRef = 459133142AB803160066910C /* LaunchScreen.storyboard */; };
		4591333F2AB80F750066910C /* MapKit.framework in Frameworks */ = {isa = PBXBuildFile; fileRef = 4591333E2AB80F750066910C /* MapKit.framework */; };
		459133422AB822FB0066910C /* Realm in Frameworks */ = {isa = PBXBuildFile; productRef = 459133412AB822FB0066910C /* Realm */; };
		459133442AB822FB0066910C /* RealmSwift in Frameworks */ = {isa = PBXBuildFile; productRef = 459133432AB822FB0066910C /* RealmSwift */; };
		459133462AB823F90066910C /* locationinfo.swift in Sources */ = {isa = PBXBuildFile; fileRef = 459133452AB823F90066910C /* locationinfo.swift */; };
/* End PBXBuildFile section */

/* Begin PBXFileReference section */
		459133062AB803150066910C /* MYAREA.app */ = {isa = PBXFileReference; explicitFileType = wrapper.application; includeInIndex = 0; path = MYAREA.app; sourceTree = BUILT_PRODUCTS_DIR; };
		459133092AB803150066910C /* AppDelegate.swift */ = {isa = PBXFileReference; lastKnownFileType = sourcecode.swift; path = AppDelegate.swift; sourceTree = "<group>"; };
		4591330B2AB803150066910C /* SceneDelegate.swift */ = {isa = PBXFileReference; lastKnownFileType = sourcecode.swift; path = SceneDelegate.swift; sourceTree = "<group>"; };
		4591330D2AB803150066910C /* ViewController.swift */ = {isa = PBXFileReference; lastKnownFileType = sourcecode.swift; path = ViewController.swift; sourceTree = "<group>"; };
		459133102AB803150066910C /* Base */ = {isa = PBXFileReference; lastKnownFileType = file.storyboard; name = Base; path = Base.lproj/Main.storyboard; sourceTree = "<group>"; };
		459133122AB803160066910C /* Assets.xcassets */ = {isa = PBXFileReference; lastKnownFileType = folder.assetcatalog; path = Assets.xcassets; sourceTree = "<group>"; };
		459133152AB803160066910C /* Base */ = {isa = PBXFileReference; lastKnownFileType = file.storyboard; name = Base; path = Base.lproj/LaunchScreen.storyboard; sourceTree = "<group>"; };
		459133172AB803160066910C /* Info.plist */ = {isa = PBXFileReference; lastKnownFileType = text.plist.xml; path = Info.plist; sourceTree = "<group>"; };
		4591333E2AB80F750066910C /* MapKit.framework */ = {isa = PBXFileReference; lastKnownFileType = wrapper.framework; name = MapKit.framework; path = System/Library/Frameworks/MapKit.framework; sourceTree = SDKROOT; };
		459133452AB823F90066910C /* locationinfo.swift */ = {isa = PBXFileReference; lastKnownFileType = sourcecode.swift; path = locationinfo.swift; sourceTree = "<group>"; };
/* End PBXFileReference section */

/* Begin PBXFrameworksBuildPhase section */
		459133032AB803150066910C /* Frameworks */ = {
			isa = PBXFrameworksBuildPhase;
			buildActionMask = 2147483647;
			files = (
				459133442AB822FB0066910C /* RealmSwift in Frameworks */,
				459133422AB822FB0066910C /* Realm in Frameworks */,
				4591333F2AB80F750066910C /* MapKit.framework in Frameworks */,
			);
			runOnlyForDeploymentPostprocessing = 0;
		};
/* End PBXFrameworksBuildPhase section */

/* Begin PBXGroup section */
		459132FD2AB803150066910C = {
			isa = PBXGroup;
			children = (
				459133082AB803150066910C /* MYAREA */,
				459133072AB803150066910C /* Products */,
				4591333D2AB80F750066910C /* Frameworks */,
			);
			sourceTree = "<group>";
		};
		459133072AB803150066910C /* Products */ = {
			isa = PBXGroup;
			children = (
				459133062AB803150066910C /* MYAREA.app */,
			);
			name = Products;
			sourceTree = "<group>";
		};
		459133082AB803150066910C /* MYAREA */ = {
			isa = PBXGroup;
			children = (
				459133092AB803150066910C /* AppDelegate.swift */,
				4591330B2AB803150066910C /* SceneDelegate.swift */,
				4591330D2AB803150066910C /* ViewController.swift */,
				459133452AB823F90066910C /* locationinfo.swift */,
				4591330F2AB803150066910C /* Main.storyboard */,
				459133122AB803160066910C /* Assets.xcassets */,
				459133142AB803160066910C /* LaunchScreen.storyboard */,
				459133172AB803160066910C /* Info.plist */,
			);
			path = MYAREA;
			sourceTree = "<group>";
		};
		4591333D2AB80F750066910C /* Frameworks */ = {
			isa = PBXGroup;
			children = (
				4591333E2AB80F750066910C /* MapKit.framework */,
			);
			name = Frameworks;
			sourceTree = "<group>";
		};
/* End PBXGroup section */

/* Begin PBXNativeTarget section */
		459133052AB803150066910C /* MYAREA */ = {
			isa = PBXNativeTarget;
			buildConfigurationList = 4591331A2AB803160066910C /* Build configuration list for PBXNativeTarget "MYAREA" */;
			buildPhases = (
				459133022AB803150066910C /* Sources */,
				459133032AB803150066910C /* Frameworks */,
				459133042AB803150066910C /* Resources */,
			);
			buildRules = (
			);
			dependencies = (
			);
			name = MYAREA;
			packageProductDependencies = (
				459133412AB822FB0066910C /* Realm */,
				459133432AB822FB0066910C /* RealmSwift */,
			);
			productName = MYAREA;
			productReference = 459133062AB803150066910C /* MYAREA.app */;
			productType = "com.apple.product-type.application";
		};
/* End PBXNativeTarget section */

/* Begin PBXProject section */
		459132FE2AB803150066910C /* Project object */ = {
			isa = PBXProject;
			attributes = {
				BuildIndependentTargetsInParallel = 1;
				LastSwiftUpdateCheck = 1430;
				LastUpgradeCheck = 1430;
				TargetAttributes = {
					459133052AB803150066910C = {
						CreatedOnToolsVersion = 14.3;
					};
				};
			};
			buildConfigurationList = 459133012AB803150066910C /* Build configuration list for PBXProject "MYAREA" */;
			compatibilityVersion = "Xcode 14.0";
			developmentRegion = en;
			hasScannedForEncodings = 0;
			knownRegions = (
				en,
				Base,
			);
			mainGroup = 459132FD2AB803150066910C;
			packageReferences = (
				459133402AB822FB0066910C /* XCRemoteSwiftPackageReference "realm-swift" */,
			);
			productRefGroup = 459133072AB803150066910C /* Products */;
			projectDirPath = "";
			projectRoot = "";
			targets = (
				459133052AB803150066910C /* MYAREA */,
			);
		};
/* End PBXProject section */

/* Begin PBXResourcesBuildPhase section */
		459133042AB803150066910C /* Resources */ = {
			isa = PBXResourcesBuildPhase;
			buildActionMask = 2147483647;
			files = (
				459133162AB803160066910C /* LaunchScreen.storyboard in Resources */,
				459133132AB803160066910C /* Assets.xcassets in Resources */,
				459133112AB803150066910C /* Main.storyboard in Resources */,
			);
			runOnlyForDeploymentPostprocessing = 0;
		};
/* End PBXResourcesBuildPhase section */

/* Begin PBXSourcesBuildPhase section */
		459133022AB803150066910C /* Sources */ = {
			isa = PBXSourcesBuildPhase;
			buildActionMask = 2147483647;
			files = (
				4591330E2AB803150066910C /* ViewController.swift in Sources */,
				4591330A2AB803150066910C /* AppDelegate.swift in Sources */,
				459133462AB823F90066910C /* locationinfo.swift in Sources */,
				4591330C2AB803150066910C /* SceneDelegate.swift in Sources */,
			);
			runOnlyForDeploymentPostprocessing = 0;
		};
/* End PBXSourcesBuildPhase section */

/* Begin PBXVariantGroup section */
		4591330F2AB803150066910C /* Main.storyboard */ = {
			isa = PBXVariantGroup;
			children = (
				459133102AB803150066910C /* Base */,
			);
			name = Main.storyboard;
			sourceTree = "<group>";
		};
		459133142AB803160066910C /* LaunchScreen.storyboard */ = {
			isa = PBXVariantGroup;
			children = (
				459133152AB803160066910C /* Base */,
			);
			name = LaunchScreen.storyboard;
			sourceTree = "<group>";
		};
/* End PBXVariantGroup section */

/* Begin XCBuildConfiguration section */
		459133182AB803160066910C /* Debug */ = {
			isa = XCBuildConfiguration;
			buildSettings = {
				ALWAYS_SEARCH_USER_PATHS = NO;
				CLANG_ANALYZER_NONNULL = YES;
				CLANG_ANALYZER_NUMBER_OBJECT_CONVERSION = YES_AGGRESSIVE;
				CLANG_CXX_LANGUAGE_STANDARD = "gnu++20";
				CLANG_ENABLE_MODULES = YES;
				CLANG_ENABLE_OBJC_ARC = YES;
				CLANG_ENABLE_OBJC_WEAK = YES;
				CLANG_WARN_BLOCK_CAPTURE_AUTORELEASING = YES;
				CLANG_WARN_BOOL_CONVERSION = YES;
				CLANG_WARN_COMMA = YES;
				CLANG_WARN_CONSTANT_CONVERSION = YES;
				CLANG_WARN_DEPRECATED_OBJC_IMPLEMENTATIONS = YES;
				CLANG_WARN_DIRECT_OBJC_ISA_USAGE = YES_ERROR;
				CLANG_WARN_DOCUMENTATION_COMMENTS = YES;
				CLANG_WARN_EMPTY_BODY = YES;
				CLANG_WARN_ENUM_CONVERSION = YES;
				CLANG_WARN_INFINITE_RECURSION = YES;
				CLANG_WARN_INT_CONVERSION = YES;
				CLANG_WARN_NON_LITERAL_NULL_CONVERSION = YES;
				CLANG_WARN_OBJC_IMPLICIT_RETAIN_SELF = YES;
				CLANG_WARN_OBJC_LITERAL_CONVERSION = YES;
				CLANG_WARN_OBJC_ROOT_CLASS = YES_ERROR;
				CLANG_WARN_QUOTED_INCLUDE_IN_FRAMEWORK_HEADER = YES;
				CLANG_WARN_RANGE_LOOP_ANALYSIS = YES;
				CLANG_WARN_STRICT_PROTOTYPES = YES;
				CLANG_WARN_SUSPICIOUS_MOVE = YES;
				CLANG_WARN_UNGUARDED_AVAILABILITY = YES_AGGRESSIVE;
				CLANG_WARN_UNREACHABLE_CODE = YES;
				CLANG_WARN__DUPLICATE_METHOD_MATCH = YES;
				COPY_PHASE_STRIP = NO;
				DEBUG_INFORMATION_FORMAT = dwarf;
				ENABLE_STRICT_OBJC_MSGSEND = YES;
				ENABLE_TESTABILITY = YES;
				GCC_C_LANGUAGE_STANDARD = gnu11;
				GCC_DYNAMIC_NO_PIC = NO;
				GCC_NO_COMMON_BLOCKS = YES;
				GCC_OPTIMIZATION_LEVEL = 0;
				GCC_PREPROCESSOR_DEFINITIONS = (
					"DEBUG=1",
					"$(inherited)",
				);
				GCC_WARN_64_TO_32_BIT_CONVERSION = YES;
				GCC_WARN_ABOUT_RETURN_TYPE = YES_ERROR;
				GCC_WARN_UNDECLARED_SELECTOR = YES;
				GCC_WARN_UNINITIALIZED_AUTOS = YES_AGGRESSIVE;
				GCC_WARN_UNUSED_FUNCTION = YES;
				GCC_WARN_UNUSED_VARIABLE = YES;
				IPHONEOS_DEPLOYMENT_TARGET = 16.4;
				MTL_ENABLE_DEBUG_INFO = INCLUDE_SOURCE;
				MTL_FAST_MATH = YES;
				ONLY_ACTIVE_ARCH = YES;
				SDKROOT = iphoneos;
				SWIFT_ACTIVE_COMPILATION_CONDITIONS = DEBUG;
				SWIFT_OPTIMIZATION_LEVEL = "-Onone";
			};
			name = Debug;
		};
		459133192AB803160066910C /* Release */ = {
			isa = XCBuildConfiguration;
			buildSettings = {
				ALWAYS_SEARCH_USER_PATHS = NO;
				CLANG_ANALYZER_NONNULL = YES;
				CLANG_ANALYZER_NUMBER_OBJECT_CONVERSION = YES_AGGRESSIVE;
				CLANG_CXX_LANGUAGE_STANDARD = "gnu++20";
				CLANG_ENABLE_MODULES = YES;
				CLANG_ENABLE_OBJC_ARC = YES;
				CLANG_ENABLE_OBJC_WEAK = YES;
				CLANG_WARN_BLOCK_CAPTURE_AUTORELEASING = YES;
				CLANG_WARN_BOOL_CONVERSION = YES;
				CLANG_WARN_COMMA = YES;
				CLANG_WARN_CONSTANT_CONVERSION = YES;
				CLANG_WARN_DEPRECATED_OBJC_IMPLEMENTATIONS = YES;
				CLANG_WARN_DIRECT_OBJC_ISA_USAGE = YES_ERROR;
				CLANG_WARN_DOCUMENTATION_COMMENTS = YES;
				CLANG_WARN_EMPTY_BODY = YES;
				CLANG_WARN_ENUM_CONVERSION = YES;
				CLANG_WARN_INFINITE_RECURSION = YES;
				CLANG_WARN_INT_CONVERSION = YES;
				CLANG_WARN_NON_LITERAL_NULL_CONVERSION = YES;
				CLANG_WARN_OBJC_IMPLICIT_RETAIN_SELF = YES;
				CLANG_WARN_OBJC_LITERAL_CONVERSION = YES;
				CLANG_WARN_OBJC_ROOT_CLASS = YES_ERROR;
				CLANG_WARN_QUOTED_INCLUDE_IN_FRAMEWORK_HEADER = YES;
				CLANG_WARN_RANGE_LOOP_ANALYSIS = YES;
				CLANG_WARN_STRICT_PROTOTYPES = YES;
				CLANG_WARN_SUSPICIOUS_MOVE = YES;
				CLANG_WARN_UNGUARDED_AVAILABILITY = YES_AGGRESSIVE;
				CLANG_WARN_UNREACHABLE_CODE = YES;
				CLANG_WARN__DUPLICATE_METHOD_MATCH = YES;
				COPY_PHASE_STRIP = NO;
				DEBUG_INFORMATION_FORMAT = "dwarf-with-dsym";
				ENABLE_NS_ASSERTIONS = NO;
				ENABLE_STRICT_OBJC_MSGSEND = YES;
				GCC_C_LANGUAGE_STANDARD = gnu11;
				GCC_NO_COMMON_BLOCKS = YES;
				GCC_WARN_64_TO_32_BIT_CONVERSION = YES;
				GCC_WARN_ABOUT_RETURN_TYPE = YES_ERROR;
				GCC_WARN_UNDECLARED_SELECTOR = YES;
				GCC_WARN_UNINITIALIZED_AUTOS = YES_AGGRESSIVE;
				GCC_WARN_UNUSED_FUNCTION = YES;
				GCC_WARN_UNUSED_VARIABLE = YES;
				IPHONEOS_DEPLOYMENT_TARGET = 16.4;
				MTL_ENABLE_DEBUG_INFO = NO;
				MTL_FAST_MATH = YES;
				SDKROOT = iphoneos;
				SWIFT_COMPILATION_MODE = wholemodule;
				SWIFT_OPTIMIZATION_LEVEL = "-O";
				VALIDATE_PRODUCT = YES;
			};
			name = Release;
		};
		4591331B2AB803160066910C /* Debug */ = {
			isa = XCBuildConfiguration;
			buildSettings = {
				ASSETCATALOG_COMPILER_APPICON_NAME = AppIcon;
				ASSETCATALOG_COMPILER_GLOBAL_ACCENT_COLOR_NAME = AccentColor;
				CODE_SIGN_STYLE = Automatic;
				CURRENT_PROJECT_VERSION = 1;
				DEVELOPMENT_TEAM = UT4CLVZTJ5;
				GENERATE_INFOPLIST_FILE = YES;
				INFOPLIST_FILE = MYAREA/Info.plist;
				INFOPLIST_KEY_NSLocationAlwaysAndWhenInUseUsageDescription = "辿った経路を記録するために位置情報を使用します。";
				INFOPLIST_KEY_NSLocationAlwaysUsageDescription = "辿った経路を記録するために位置情報を使用します。";
				INFOPLIST_KEY_UIApplicationSupportsIndirectInputEvents = YES;
				INFOPLIST_KEY_UILaunchStoryboardName = LaunchScreen;
				INFOPLIST_KEY_UIMainStoryboardFile = Main;
				INFOPLIST_KEY_UISupportedInterfaceOrientations_iPad = "UIInterfaceOrientationPortrait UIInterfaceOrientationPortraitUpsideDown UIInterfaceOrientationLandscapeLeft UIInterfaceOrientationLandscapeRight";
				INFOPLIST_KEY_UISupportedInterfaceOrientations_iPhone = "UIInterfaceOrientationPortrait UIInterfaceOrientationLandscapeLeft UIInterfaceOrientationLandscapeRight";
				LD_RUNPATH_SEARCH_PATHS = (
					"$(inherited)",
					"@executable_path/Frameworks",
				);
				MARKETING_VERSION = 1.0;
				PRODUCT_BUNDLE_IDENTIFIER = app.Yamashita.Kosuke.MYAREA;
				PRODUCT_NAME = "$(TARGET_NAME)";
				SWIFT_EMIT_LOC_STRINGS = YES;
				SWIFT_VERSION = 5.0;
				TARGETED_DEVICE_FAMILY = "1,2";
			};
			name = Debug;
		};
		4591331C2AB803160066910C /* Release */ = {
			isa = XCBuildConfiguration;
			buildSettings = {
				ASSETCATALOG_COMPILER_APPICON_NAME = AppIcon;
				ASSETCATALOG_COMPILER_GLOBAL_ACCENT_COLOR_NAME = AccentColor;
				CODE_SIGN_STYLE = Automatic;
				CURRENT_PROJECT_VERSION = 1;
				DEVELOPMENT_TEAM = UT4CLVZTJ5;
				GENERATE_INFOPLIST_FILE = YES;
				INFOPLIST_FILE = MYAREA/Info.plist;
				INFOPLIST_KEY_NSLocationAlwaysAndWhenInUseUsageDescription = "辿った経路を記録するために位置情報を使用します。";
				INFOPLIST_KEY_NSLocationAlwaysUsageDescription = "辿った経路を記録するために位置情報を使用します。";
				INFOPLIST_KEY_UIApplicationSupportsIndirectInputEvents = YES;
				INFOPLIST_KEY_UILaunchStoryboardName = LaunchScreen;
				INFOPLIST_KEY_UIMainStoryboardFile = Main;
				INFOPLIST_KEY_UISupportedInterfaceOrientations_iPad = "UIInterfaceOrientationPortrait UIInterfaceOrientationPortraitUpsideDown UIInterfaceOrientationLandscapeLeft UIInterfaceOrientationLandscapeRight";
				INFOPLIST_KEY_UISupportedInterfaceOrientations_iPhone = "UIInterfaceOrientationPortrait UIInterfaceOrientationLandscapeLeft UIInterfaceOrientationLandscapeRight";
				LD_RUNPATH_SEARCH_PATHS = (
					"$(inherited)",
					"@executable_path/Frameworks",
				);
				MARKETING_VERSION = 1.0;
				PRODUCT_BUNDLE_IDENTIFIER = app.Yamashita.Kosuke.MYAREA;
				PRODUCT_NAME = "$(TARGET_NAME)";
				SWIFT_EMIT_LOC_STRINGS = YES;
				SWIFT_VERSION = 5.0;
				TARGETED_DEVICE_FAMILY = "1,2";
			};
			name = Release;
		};
/* End XCBuildConfiguration section */

/* Begin XCConfigurationList section */
		459133012AB803150066910C /* Build configuration list for PBXProject "MYAREA" */ = {
			isa = XCConfigurationList;
			buildConfigurations = (
				459133182AB803160066910C /* Debug */,
				459133192AB803160066910C /* Release */,
			);
			defaultConfigurationIsVisible = 0;
			defaultConfigurationName = Release;
		};
		4591331A2AB803160066910C /* Build configuration list for PBXNativeTarget "MYAREA" */ = {
			isa = XCConfigurationList;
			buildConfigurations = (
				4591331B2AB803160066910C /* Debug */,
				4591331C2AB803160066910C /* Release */,
			);
			defaultConfigurationIsVisible = 0;
			defaultConfigurationName = Release;
		};
/* End XCConfigurationList section */

/* Begin XCRemoteSwiftPackageReference section */
		459133402AB822FB0066910C /* XCRemoteSwiftPackageReference "realm-swift" */ = {
			isa = XCRemoteSwiftPackageReference;
			repositoryURL = "https://github.com/realm/realm-swift";
			requirement = {
				branch = master;
				kind = branch;
			};
		};
/* End XCRemoteSwiftPackageReference section */

/* Begin XCSwiftPackageProductDependency section */
		459133412AB822FB0066910C /* Realm */ = {
			isa = XCSwiftPackageProductDependency;
			package = 459133402AB822FB0066910C /* XCRemoteSwiftPackageReference "realm-swift" */;
			productName = Realm;
		};
		459133432AB822FB0066910C /* RealmSwift */ = {
			isa = XCSwiftPackageProductDependency;
			package = 459133402AB822FB0066910C /* XCRemoteSwiftPackageReference "realm-swift" */;
			productName = RealmSwift;
		};
/* End XCSwiftPackageProductDependency section */
	};
	rootObject = 459132FE2AB803150066910C /* Project object */;
}
